github.com/zytekaron/galois-go v0.0.0-20250625031935-5fe4241a75c8 h1:ZPIfSi6DC5z33DxT42GwZQLg9vZ4IdNIY3GN4bws4+Y=
github.com/zytekaron/galois-go v0.0.0-20250625031935-5fe4241a75c8/go.mod h1:lbfqsUtIey1ZRXsmLJy1tzkPueyGkGi1I00BK1ht4pw=
github.com/zytekaron/galois-go v0.0.0-20250625034803-81f885e55370 h1:+IfmBgD/Ib8BZtnKgbB6wTqJxGWDwTKVHkVg04Mbxyk=
github.com/zytekaron/galois-go v0.0.0-20250625034803-81f885e55370/go.mod h1:lbfqsUtIey1ZRXsmLJy1tzkPueyGkGi1I00BK1ht4pw=
github.com/zytekaron/squad v0.0.0-20250519160247-ba84c5f0202e h1:PSHEUc+7x/AZiMklRlcjjHNKP2WOAAwC0kY/TAqj34I=
github.com/zytekaron/squad v0.0.0-20250519160247-ba84c5f0202e/go.mod h1:gqdg8W6Lg1thJGs2sSuOzM4PkxuSWrQ7Z7zQhOMR7Ok=
